{
  "name": "nodemailer-cloud-function",
  "version": "1.0.0",
  "lockfileVersion": 1,
  "requires": true,
  "dependencies": {
    "nodemailer": {
      "version": "4.6.8",
      "resolved": "https://registry.npmjs.org/nodemailer/-/nodemailer-4.6.8.tgz",
      "integrity": "sha512-A3s7EM/426OBIZbLHXq2KkgvmKbn2Xga4m4G+ZUA4IaZvG8PcZXrFh+2E4VaS2o+emhuUVRnzKN2YmpkXQ9qwA=="
    },
    "validator": {
      "version": "10.7.0",
      "resolved": "https://registry.npmjs.org/validator/-/validator-10.7.0.tgz",
      "integrity": "sha512-7Z4kif6HeMLroCQZvh8lwCtmPOqBTkTkt5ibXtJR8sOkzWdjW+YIJOZUpPFlfq59zYvnpSPVd4UX5QYnSCLWgA=="
    }
  }
}
